Microsoft Visual Studio Solution File, Format Version 11.00
# Visual Studio 2008

Project("{BE34968F-6AE3-BABF-69DF-C9C2843A5F66}") = "TapRunner", "Assembly-CSharp-vs.csproj", "{CD40B6A3-210C-52C9-78A3-BEB5125E9978}"
EndProject
Project("{BE34968F-6AE3-BABF-69DF-C9C2843A5F66}") = "TapRunner", "Assembly-CSharp-Editor-vs.csproj", "{00E862F4-B577-8D79-E721-E795CE4B08F5}"
EndProject
Global
	GlobalSection(SolutionConfigurationPlatforms) = preSolution
		Debug|Any CPU = Debug|Any CPU
		Release|Any CPU = Release|Any CPU
	EndGlobalSection
	GlobalSection(ProjectConfigurationPlatforms) = postSolution
		{CD40B6A3-210C-52C9-78A3-BEB5125E9978}.Debug|Any CPU.ActiveCfg = Debug|Any CPU
		{CD40B6A3-210C-52C9-78A3-BEB5125E9978}.Debug|Any CPU.Build.0 = Debug|Any CPU
		{CD40B6A3-210C-52C9-78A3-BEB5125E9978}.Release|Any CPU.ActiveCfg = Release|Any CPU
		{CD40B6A3-210C-52C9-78A3-BEB5125E9978}.Release|Any CPU.Build.0 = Release|Any CPU
		{00E862F4-B577-8D79-E721-E795CE4B08F5}.Debug|Any CPU.ActiveCfg = Debug|Any CPU
		{00E862F4-B577-8D79-E721-E795CE4B08F5}.Debug|Any CPU.Build.0 = Debug|Any CPU
		{00E862F4-B577-8D79-E721-E795CE4B08F5}.Release|Any CPU.ActiveCfg = Release|Any CPU
		{00E862F4-B577-8D79-E721-E795CE4B08F5}.Release|Any CPU.Build.0 = Release|Any CPU
	EndGlobalSection
	GlobalSection(SolutionProperties) = preSolution
		HideSolutionNode = FALSE
	EndGlobalSection
																												GlobalSection(MonoDevelopProperties) = preSolution
		StartupItem = Assembly-CSharp.csproj
		Policies = $0
		$0.TextStylePolicy = $1
		$1.inheritsSet = null
		$1.scope = text/x-csharp
		$0.CSharpFormattingPolicy = $2
		$2.inheritsSet = Mono
		$2.inheritsScope = text/x-csharp
		$2.scope = text/x-csharp
		$0.TextStylePolicy = $3
		$3.FileWidth = 120
		$3.TabWidth = 4
		$3.IndentWidth = 4
		$3.EolMarker = Unix
		$3.inheritsSet = Mono
		$3.inheritsScope = text/plain
		$3.scope = text/plain
	EndGlobalSection

EndGlobal
